
Microsoft Visual Studio Solution File, Format Version 12.00
# Visual Studio 2013
VisualStudioVersion = 12.0.31101.0
MinimumVisualStudioVersion = 10.0.40219.1
Project("{FAE04EC0-301F-11D3-BF4B-00C04F79EFBC}") = "xfplayground", "xfplayground\xfplayground\xfplayground.csproj", "{DA9C5592-C058-4904-9435-F8ECDCC04985}"
EndProject
Project("{FAE04EC0-301F-11D3-BF4B-00C04F79EFBC}") = "xfplayground.iOS", "xfplayground\xfplayground.iOS\xfplayground.iOS.csproj", "{99DDDB81-255E-4027-87B7-3754085D5401}"
EndProject
Project("{FAE04EC0-301F-11D3-BF4B-00C04F79EFBC}") = "xfplayground.Droid", "xfplayground\xfplayground.Droid\xfplayground.Droid.csproj", "{A469D704-86D2-48EE-BF60-38757BC05756}"
EndProject
Project("{FAE04EC0-301F-11D3-BF4B-00C04F79EFBC}") = "xfplayground.WinPhone", "xfplayground\xfplayground.WinPhone\xfplayground.WinPhone.csproj", "{0FF58E6F-B424-4689-B0C5-C36BEB96678F}"
EndProject
Global
	GlobalSection(SolutionConfigurationPlatforms) = preSolution
		Ad-Hoc|Any CPU = Ad-Hoc|Any CPU
		Ad-Hoc|ARM = Ad-Hoc|ARM
		Ad-Hoc|iPhone = Ad-Hoc|iPhone
		Ad-Hoc|iPhoneSimulator = Ad-Hoc|iPhoneSimulator
		Ad-Hoc|Mixed Platforms = Ad-Hoc|Mixed Platforms
		Ad-Hoc|x86 = Ad-Hoc|x86
		AppStore|Any CPU = AppStore|Any CPU
		AppStore|ARM = AppStore|ARM
		AppStore|iPhone = AppStore|iPhone
		AppStore|iPhoneSimulator = AppStore|iPhoneSimulator
		AppStore|Mixed Platforms = AppStore|Mixed Platforms
		AppStore|x86 = AppStore|x86
		Debug|Any CPU = Debug|Any CPU
		Debug|ARM = Debug|ARM
		Debug|iPhone = Debug|iPhone
		Debug|iPhoneSimulator = Debug|iPhoneSimulator
		Debug|Mixed Platforms = Debug|Mixed Platforms
		Debug|x86 = Debug|x86
		Release|Any CPU = Release|Any CPU
		Release|ARM = Release|ARM
		Release|iPhone = Release|iPhone
		Release|iPhoneSimulator = Release|iPhoneSimulator
		Release|Mixed Platforms = Release|Mixed Platforms
		Release|x86 = Release|x86
	EndGlobalSection
	GlobalSection(ProjectConfigurationPlatforms) = postSolution
		{DA9C5592-C058-4904-9435-F8ECDCC04985}.Ad-Hoc|Any CPU.ActiveCfg = Release|Any CPU
		{DA9C5592-C058-4904-9435-F8ECDCC04985}.Ad-Hoc|Any CPU.Build.0 = Release|Any CPU
		{DA9C5592-C058-4904-9435-F8ECDCC04985}.Ad-Hoc|ARM.ActiveCfg = Release|Any CPU
		{DA9C5592-C058-4904-9435-F8ECDCC04985}.Ad-Hoc|iPhone.ActiveCfg = Release|Any CPU
		{DA9C5592-C058-4904-9435-F8ECDCC04985}.Ad-Hoc|iPhoneSimulator.ActiveCfg = Release|Any CPU
		{DA9C5592-C058-4904-9435-F8ECDCC04985}.Ad-Hoc|Mixed Platforms.ActiveCfg = Release|Any CPU
		{DA9C5592-C058-4904-9435-F8ECDCC04985}.Ad-Hoc|Mixed Platforms.Build.0 = Release|Any CPU
		{DA9C5592-C058-4904-9435-F8ECDCC04985}.Ad-Hoc|x86.ActiveCfg = Release|Any CPU
		{DA9C5592-C058-4904-9435-F8ECDCC04985}.AppStore|Any CPU.ActiveCfg = Release|Any CPU
		{DA9C5592-C058-4904-9435-F8ECDCC04985}.AppStore|Any CPU.Build.0 = Release|Any CPU
		{DA9C5592-C058-4904-9435-F8ECDCC04985}.AppStore|ARM.ActiveCfg = Release|Any CPU
		{DA9C5592-C058-4904-9435-F8ECDCC04985}.AppStore|iPhone.ActiveCfg = Release|Any CPU
		{DA9C5592-C058-4904-9435-F8ECDCC04985}.AppStore|iPhoneSimulator.ActiveCfg = Release|Any CPU
		{DA9C5592-C058-4904-9435-F8ECDCC04985}.AppStore|Mixed Platforms.ActiveCfg = Release|Any CPU
		{DA9C5592-C058-4904-9435-F8ECDCC04985}.AppStore|Mixed Platforms.Build.0 = Release|Any CPU
		{DA9C5592-C058-4904-9435-F8ECDCC04985}.AppStore|x86.ActiveCfg = Release|Any CPU
		{DA9C5592-C058-4904-9435-F8ECDCC04985}.Debug|Any CPU.ActiveCfg = Debug|Any CPU
		{DA9C5592-C058-4904-9435-F8ECDCC04985}.Debug|Any CPU.Build.0 = Debug|Any CPU
		{DA9C5592-C058-4904-9435-F8ECDCC04985}.Debug|ARM.ActiveCfg = Debug|Any CPU
		{DA9C5592-C058-4904-9435-F8ECDCC04985}.Debug|iPhone.ActiveCfg = Debug|Any CPU
		{DA9C5592-C058-4904-9435-F8ECDCC04985}.Debug|iPhoneSimulator.ActiveCfg = Debug|Any CPU
		{DA9C5592-C058-4904-9435-F8ECDCC04985}.Debug|Mixed Platforms.ActiveCfg = Debug|Any CPU
		{DA9C5592-C058-4904-9435-F8ECDCC04985}.Debug|Mixed Platforms.Build.0 = Debug|Any CPU
		{DA9C5592-C058-4904-9435-F8ECDCC04985}.Debug|x86.ActiveCfg = Debug|Any CPU
		{DA9C5592-C058-4904-9435-F8ECDCC04985}.Release|Any CPU.ActiveCfg = Release|Any CPU
		{DA9C5592-C058-4904-9435-F8ECDCC04985}.Release|Any CPU.Build.0 = Release|Any CPU
		{DA9C5592-C058-4904-9435-F8ECDCC04985}.Release|ARM.ActiveCfg = Release|Any CPU
		{DA9C5592-C058-4904-9435-F8ECDCC04985}.Release|iPhone.ActiveCfg = Release|Any CPU
		{DA9C5592-C058-4904-9435-F8ECDCC04985}.Release|iPhoneSimulator.ActiveCfg = Release|Any CPU
		{DA9C5592-C058-4904-9435-F8ECDCC04985}.Release|Mixed Platforms.ActiveCfg = Release|Any CPU
		{DA9C5592-C058-4904-9435-F8ECDCC04985}.Release|Mixed Platforms.Build.0 = Release|Any CPU
		{DA9C5592-C058-4904-9435-F8ECDCC04985}.Release|x86.ActiveCfg = Release|Any CPU
		{99DDDB81-255E-4027-87B7-3754085D5401}.Ad-Hoc|Any CPU.ActiveCfg = Ad-Hoc|iPhone
		{99DDDB81-255E-4027-87B7-3754085D5401}.Ad-Hoc|ARM.ActiveCfg = Ad-Hoc|iPhone
		{99DDDB81-255E-4027-87B7-3754085D5401}.Ad-Hoc|iPhone.ActiveCfg = Ad-Hoc|iPhone
		{99DDDB81-255E-4027-87B7-3754085D5401}.Ad-Hoc|iPhone.Build.0 = Ad-Hoc|iPhone
		{99DDDB81-255E-4027-87B7-3754085D5401}.Ad-Hoc|iPhoneSimulator.ActiveCfg = Ad-Hoc|iPhoneSimulator
		{99DDDB81-255E-4027-87B7-3754085D5401}.Ad-Hoc|iPhoneSimulator.Build.0 = Ad-Hoc|iPhoneSimulator
		{99DDDB81-255E-4027-87B7-3754085D5401}.Ad-Hoc|Mixed Platforms.ActiveCfg = Ad-Hoc|iPhone
		{99DDDB81-255E-4027-87B7-3754085D5401}.Ad-Hoc|Mixed Platforms.Build.0 = Ad-Hoc|iPhone
		{99DDDB81-255E-4027-87B7-3754085D5401}.Ad-Hoc|x86.ActiveCfg = Ad-Hoc|iPhone
		{99DDDB81-255E-4027-87B7-3754085D5401}.AppStore|Any CPU.ActiveCfg = AppStore|iPhone
		{99DDDB81-255E-4027-87B7-3754085D5401}.AppStore|ARM.ActiveCfg = AppStore|iPhone
		{99DDDB81-255E-4027-87B7-3754085D5401}.AppStore|iPhone.ActiveCfg = AppStore|iPhone
		{99DDDB81-255E-4027-87B7-3754085D5401}.AppStore|iPhone.Build.0 = AppStore|iPhone
		{99DDDB81-255E-4027-87B7-3754085D5401}.AppStore|iPhoneSimulator.ActiveCfg = AppStore|iPhoneSimulator
		{99DDDB81-255E-4027-87B7-3754085D5401}.AppStore|iPhoneSimulator.Build.0 = AppStore|iPhoneSimulator
		{99DDDB81-255E-4027-87B7-3754085D5401}.AppStore|Mixed Platforms.ActiveCfg = AppStore|iPhone
		{99DDDB81-255E-4027-87B7-3754085D5401}.AppStore|Mixed Platforms.Build.0 = AppStore|iPhone
		{99DDDB81-255E-4027-87B7-3754085D5401}.AppStore|x86.ActiveCfg = AppStore|iPhone
		{99DDDB81-255E-4027-87B7-3754085D5401}.Debug|Any CPU.ActiveCfg = Debug|iPhone
		{99DDDB81-255E-4027-87B7-3754085D5401}.Debug|ARM.ActiveCfg = Debug|iPhone
		{99DDDB81-255E-4027-87B7-3754085D5401}.Debug|iPhone.ActiveCfg = Debug|iPhone
		{99DDDB81-255E-4027-87B7-3754085D5401}.Debug|iPhone.Build.0 = Debug|iPhone
		{99DDDB81-255E-4027-87B7-3754085D5401}.Debug|iPhoneSimulator.ActiveCfg = Debug|iPhoneSimulator
		{99DDDB81-255E-4027-87B7-3754085D5401}.Debug|iPhoneSimulator.Build.0 = Debug|iPhoneSimulator
		{99DDDB81-255E-4027-87B7-3754085D5401}.Debug|Mixed Platforms.ActiveCfg = Debug|iPhone
		{99DDDB81-255E-4027-87B7-3754085D5401}.Debug|Mixed Platforms.Build.0 = Debug|iPhone
		{99DDDB81-255E-4027-87B7-3754085D5401}.Debug|x86.ActiveCfg = Debug|iPhone
		{99DDDB81-255E-4027-87B7-3754085D5401}.Release|Any CPU.ActiveCfg = Release|iPhone
		{99DDDB81-255E-4027-87B7-3754085D5401}.Release|ARM.ActiveCfg = Release|iPhone
		{99DDDB81-255E-4027-87B7-3754085D5401}.Release|iPhone.ActiveCfg = Release|iPhone
		{99DDDB81-255E-4027-87B7-3754085D5401}.Release|iPhone.Build.0 = Release|iPhone
		{99DDDB81-255E-4027-87B7-3754085D5401}.Release|iPhoneSimulator.ActiveCfg = Release|iPhoneSimulator
		{99DDDB81-255E-4027-87B7-3754085D5401}.Release|iPhoneSimulator.Build.0 = Release|iPhoneSimulator
		{99DDDB81-255E-4027-87B7-3754085D5401}.Release|Mixed Platforms.ActiveCfg = Release|iPhone
		{99DDDB81-255E-4027-87B7-3754085D5401}.Release|Mixed Platforms.Build.0 = Release|iPhone
		{99DDDB81-255E-4027-87B7-3754085D5401}.Release|x86.ActiveCfg = Release|iPhone
		{A469D704-86D2-48EE-BF60-38757BC05756}.Ad-Hoc|Any CPU.ActiveCfg = Release|Any CPU
		{A469D704-86D2-48EE-BF60-38757BC05756}.Ad-Hoc|Any CPU.Build.0 = Release|Any CPU
		{A469D704-86D2-48EE-BF60-38757BC05756}.Ad-Hoc|Any CPU.Deploy.0 = Release|Any CPU
		{A469D704-86D2-48EE-BF60-38757BC05756}.Ad-Hoc|ARM.ActiveCfg = Release|Any CPU
		{A469D704-86D2-48EE-BF60-38757BC05756}.Ad-Hoc|iPhone.ActiveCfg = Release|Any CPU
		{A469D704-86D2-48EE-BF60-38757BC05756}.Ad-Hoc|iPhoneSimulator.ActiveCfg = Release|Any CPU
		{A469D704-86D2-48EE-BF60-38757BC05756}.Ad-Hoc|Mixed Platforms.ActiveCfg = Release|Any CPU
		{A469D704-86D2-48EE-BF60-38757BC05756}.Ad-Hoc|Mixed Platforms.Build.0 = Release|Any CPU
		{A469D704-86D2-48EE-BF60-38757BC05756}.Ad-Hoc|Mixed Platforms.Deploy.0 = Release|Any CPU
		{A469D704-86D2-48EE-BF60-38757BC05756}.Ad-Hoc|x86.ActiveCfg = Release|Any CPU
		{A469D704-86D2-48EE-BF60-38757BC05756}.AppStore|Any CPU.ActiveCfg = Release|Any CPU
		{A469D704-86D2-48EE-BF60-38757BC05756}.AppStore|Any CPU.Build.0 = Release|Any CPU
		{A469D704-86D2-48EE-BF60-38757BC05756}.AppStore|Any CPU.Deploy.0 = Release|Any CPU
		{A469D704-86D2-48EE-BF60-38757BC05756}.AppStore|ARM.ActiveCfg = Release|Any CPU
		{A469D704-86D2-48EE-BF60-38757BC05756}.AppStore|iPhone.ActiveCfg = Release|Any CPU
		{A469D704-86D2-48EE-BF60-38757BC05756}.AppStore|iPhoneSimulator.ActiveCfg = Release|Any CPU
		{A469D704-86D2-48EE-BF60-38757BC05756}.AppStore|Mixed Platforms.ActiveCfg = Release|Any CPU
		{A469D704-86D2-48EE-BF60-38757BC05756}.AppStore|Mixed Platforms.Build.0 = Release|Any CPU
		{A469D704-86D2-48EE-BF60-38757BC05756}.AppStore|Mixed Platforms.Deploy.0 = Release|Any CPU
		{A469D704-86D2-48EE-BF60-38757BC05756}.AppStore|x86.ActiveCfg = Release|Any CPU
		{A469D704-86D2-48EE-BF60-38757BC05756}.Debug|Any CPU.ActiveCfg = Debug|Any CPU
		{A469D704-86D2-48EE-BF60-38757BC05756}.Debug|Any CPU.Build.0 = Debug|Any CPU
		{A469D704-86D2-48EE-BF60-38757BC05756}.Debug|Any CPU.Deploy.0 = Debug|Any CPU
		{A469D704-86D2-48EE-BF60-38757BC05756}.Debug|ARM.ActiveCfg = Debug|Any CPU
		{A469D704-86D2-48EE-BF60-38757BC05756}.Debug|iPhone.ActiveCfg = Debug|Any CPU
		{A469D704-86D2-48EE-BF60-38757BC05756}.Debug|iPhoneSimulator.ActiveCfg = Debug|Any CPU
		{A469D704-86D2-48EE-BF60-38757BC05756}.Debug|Mixed Platforms.ActiveCfg = Debug|Any CPU
		{A469D704-86D2-48EE-BF60-38757BC05756}.Debug|Mixed Platforms.Build.0 = Debug|Any CPU
		{A469D704-86D2-48EE-BF60-38757BC05756}.Debug|Mixed Platforms.Deploy.0 = Debug|Any CPU
		{A469D704-86D2-48EE-BF60-38757BC05756}.Debug|x86.ActiveCfg = Debug|Any CPU
		{A469D704-86D2-48EE-BF60-38757BC05756}.Release|Any CPU.ActiveCfg = Release|Any CPU
		{A469D704-86D2-48EE-BF60-38757BC05756}.Release|Any CPU.Build.0 = Release|Any CPU
		{A469D704-86D2-48EE-BF60-38757BC05756}.Release|Any CPU.Deploy.0 = Release|Any CPU
		{A469D704-86D2-48EE-BF60-38757BC05756}.Release|ARM.ActiveCfg = Release|Any CPU
		{A469D704-86D2-48EE-BF60-38757BC05756}.Release|iPhone.ActiveCfg = Release|Any CPU
		{A469D704-86D2-48EE-BF60-38757BC05756}.Release|iPhoneSimulator.ActiveCfg = Release|Any CPU
		{A469D704-86D2-48EE-BF60-38757BC05756}.Release|Mixed Platforms.ActiveCfg = Release|Any CPU
		{A469D704-86D2-48EE-BF60-38757BC05756}.Release|Mixed Platforms.Build.0 = Release|Any CPU
		{A469D704-86D2-48EE-BF60-38757BC05756}.Release|Mixed Platforms.Deploy.0 = Release|Any CPU
		{A469D704-86D2-48EE-BF60-38757BC05756}.Release|x86.ActiveCfg = Release|Any CPU
		{0FF58E6F-B424-4689-B0C5-C36BEB96678F}.Ad-Hoc|Any CPU.ActiveCfg = Release|Any CPU
		{0FF58E6F-B424-4689-B0C5-C36BEB96678F}.Ad-Hoc|Any CPU.Build.0 = Release|Any CPU
		{0FF58E6F-B424-4689-B0C5-C36BEB96678F}.Ad-Hoc|Any CPU.Deploy.0 = Release|Any CPU
		{0FF58E6F-B424-4689-B0C5-C36BEB96678F}.Ad-Hoc|ARM.ActiveCfg = Release|ARM
		{0FF58E6F-B424-4689-B0C5-C36BEB96678F}.Ad-Hoc|ARM.Build.0 = Release|ARM
		{0FF58E6F-B424-4689-B0C5-C36BEB96678F}.Ad-Hoc|ARM.Deploy.0 = Release|ARM
		{0FF58E6F-B424-4689-B0C5-C36BEB96678F}.Ad-Hoc|iPhone.ActiveCfg = Release|Any CPU
		{0FF58E6F-B424-4689-B0C5-C36BEB96678F}.Ad-Hoc|iPhoneSimulator.ActiveCfg = Release|Any CPU
		{0FF58E6F-B424-4689-B0C5-C36BEB96678F}.Ad-Hoc|Mixed Platforms.ActiveCfg = Release|x86
		{0FF58E6F-B424-4689-B0C5-C36BEB96678F}.Ad-Hoc|Mixed Platforms.Build.0 = Release|x86
		{0FF58E6F-B424-4689-B0C5-C36BEB96678F}.Ad-Hoc|Mixed Platforms.Deploy.0 = Release|x86
		{0FF58E6F-B424-4689-B0C5-C36BEB96678F}.Ad-Hoc|x86.ActiveCfg = Release|x86
		{0FF58E6F-B424-4689-B0C5-C36BEB96678F}.Ad-Hoc|x86.Build.0 = Release|x86
		{0FF58E6F-B424-4689-B0C5-C36BEB96678F}.Ad-Hoc|x86.Deploy.0 = Release|x86
		{0FF58E6F-B424-4689-B0C5-C36BEB96678F}.AppStore|Any CPU.ActiveCfg = Release|Any CPU
		{0FF58E6F-B424-4689-B0C5-C36BEB96678F}.AppStore|Any CPU.Build.0 = Release|Any CPU
		{0FF58E6F-B424-4689-B0C5-C36BEB96678F}.AppStore|Any CPU.Deploy.0 = Release|Any CPU
		{0FF58E6F-B424-4689-B0C5-C36BEB96678F}.AppStore|ARM.ActiveCfg = Release|ARM
		{0FF58E6F-B424-4689-B0C5-C36BEB96678F}.AppStore|ARM.Build.0 = Release|ARM
		{0FF58E6F-B424-4689-B0C5-C36BEB96678F}.AppStore|ARM.Deploy.0 = Release|ARM
		{0FF58E6F-B424-4689-B0C5-C36BEB96678F}.AppStore|iPhone.ActiveCfg = Release|Any CPU
		{0FF58E6F-B424-4689-B0C5-C36BEB96678F}.AppStore|iPhoneSimulator.ActiveCfg = Release|Any CPU
		{0FF58E6F-B424-4689-B0C5-C36BEB96678F}.AppStore|Mixed Platforms.ActiveCfg = Release|x86
		{0FF58E6F-B424-4689-B0C5-C36BEB96678F}.AppStore|Mixed Platforms.Build.0 = Release|x86
		{0FF58E6F-B424-4689-B0C5-C36BEB96678F}.AppStore|Mixed Platforms.Deploy.0 = Release|x86
		{0FF58E6F-B424-4689-B0C5-C36BEB96678F}.AppStore|x86.ActiveCfg = Release|x86
		{0FF58E6F-B424-4689-B0C5-C36BEB96678F}.AppStore|x86.Build.0 = Release|x86
		{0FF58E6F-B424-4689-B0C5-C36BEB96678F}.AppStore|x86.Deploy.0 = Release|x86
		{0FF58E6F-B424-4689-B0C5-C36BEB96678F}.Debug|Any CPU.ActiveCfg = Debug|Any CPU
		{0FF58E6F-B424-4689-B0C5-C36BEB96678F}.Debug|ARM.ActiveCfg = Debug|ARM
		{0FF58E6F-B424-4689-B0C5-C36BEB96678F}.Debug|ARM.Build.0 = Debug|ARM
		{0FF58E6F-B424-4689-B0C5-C36BEB96678F}.Debug|ARM.Deploy.0 = Debug|ARM
		{0FF58E6F-B424-4689-B0C5-C36BEB96678F}.Debug|iPhone.ActiveCfg = Debug|Any CPU
		{0FF58E6F-B424-4689-B0C5-C36BEB96678F}.Debug|iPhoneSimulator.ActiveCfg = Debug|Any CPU
		{0FF58E6F-B424-4689-B0C5-C36BEB96678F}.Debug|Mixed Platforms.ActiveCfg = Debug|x86
		{0FF58E6F-B424-4689-B0C5-C36BEB96678F}.Debug|Mixed Platforms.Build.0 = Debug|x86
		{0FF58E6F-B424-4689-B0C5-C36BEB96678F}.Debug|Mixed Platforms.Deploy.0 = Debug|x86
		{0FF58E6F-B424-4689-B0C5-C36BEB96678F}.Debug|x86.ActiveCfg = Debug|x86
		{0FF58E6F-B424-4689-B0C5-C36BEB96678F}.Debug|x86.Build.0 = Debug|x86
		{0FF58E6F-B424-4689-B0C5-C36BEB96678F}.Debug|x86.Deploy.0 = Debug|x86
		{0FF58E6F-B424-4689-B0C5-C36BEB96678F}.Release|Any CPU.ActiveCfg = Release|Any CPU
		{0FF58E6F-B424-4689-B0C5-C36BEB96678F}.Release|Any CPU.Build.0 = Release|Any CPU
		{0FF58E6F-B424-4689-B0C5-C36BEB96678F}.Release|Any CPU.Deploy.0 = Release|Any CPU
		{0FF58E6F-B424-4689-B0C5-C36BEB96678F}.Release|ARM.ActiveCfg = Release|ARM
		{0FF58E6F-B424-4689-B0C5-C36BEB96678F}.Release|ARM.Build.0 = Release|ARM
		{0FF58E6F-B424-4689-B0C5-C36BEB96678F}.Release|ARM.Deploy.0 = Release|ARM
		{0FF58E6F-B424-4689-B0C5-C36BEB96678F}.Release|iPhone.ActiveCfg = Release|Any CPU
		{0FF58E6F-B424-4689-B0C5-C36BEB96678F}.Release|iPhoneSimulator.ActiveCfg = Release|Any CPU
		{0FF58E6F-B424-4689-B0C5-C36BEB96678F}.Release|Mixed Platforms.ActiveCfg = Release|x86
		{0FF58E6F-B424-4689-B0C5-C36BEB96678F}.Release|Mixed Platforms.Build.0 = Release|x86
		{0FF58E6F-B424-4689-B0C5-C36BEB96678F}.Release|Mixed Platforms.Deploy.0 = Release|x86
		{0FF58E6F-B424-4689-B0C5-C36BEB96678F}.Release|x86.ActiveCfg = Release|x86
		{0FF58E6F-B424-4689-B0C5-C36BEB96678F}.Release|x86.Build.0 = Release|x86
		{0FF58E6F-B424-4689-B0C5-C36BEB96678F}.Release|x86.Deploy.0 = Release|x86
	EndGlobalSection
	GlobalSection(SolutionProperties) = preSolution
		HideSolutionNode = FALSE
	EndGlobalSection
EndGlobal
